
Microsoft Visual Studio Solution File, Format Version 12.00
# Visual Studio 15
VisualStudioVersion = 15.0.27703.2018
MinimumVisualStudioVersion = 10.0.40219.1
Project("{9092AA53-FB77-4645-B42D-1CCCA6BD08BD}") = "daylight", "daylight\daylight.njsproj", "{48689C64-4C3A-41CE-9AED-37054AE6470E}"
EndProject
Global
	GlobalSection(SolutionConfigurationPlatforms) = preSolution
		Debug|Any CPU = Debug|Any CPU
		Release|Any CPU = Release|Any CPU
	EndGlobalSection
	GlobalSection(ProjectConfigurationPlatforms) = postSolution
		{48689C64-4C3A-41CE-9AED-37054AE6470E}.Debug|Any CPU.ActiveCfg = Debug|Any CPU
		{48689C64-4C3A-41CE-9AED-37054AE6470E}.Debug|Any CPU.Build.0 = Debug|Any CPU
		{48689C64-4C3A-41CE-9AED-37054AE6470E}.Release|Any CPU.ActiveCfg = Release|Any CPU
		{48689C64-4C3A-41CE-9AED-37054AE6470E}.Release|Any CPU.Build.0 = Release|Any CPU
	EndGlobalSection
	GlobalSection(SolutionProperties) = preSolution
		HideSolutionNode = FALSE
	EndGlobalSection
	GlobalSection(ExtensibilityGlobals) = postSolution
		SolutionGuid = {616CE9CC-BB49-47FF-A011-4FF6A266E024}
	EndGlobalSection
EndGlobal
